
Microsoft Visual Studio Solution File, Format Version 12.00
# Visual Studio 15
VisualStudioVersion = 15.0.28307.421
MinimumVisualStudioVersion = 10.0.40219.1
Project("{FAE04EC0-301F-11D3-BF4B-00C04F79EFBC}") = "TestMahAppsToggleSwitch", "TestMahAppsToggleSwitch\TestMahAppsToggleSwitch.csproj", "{31363F2D-3992-40D7-BDD1-D20845C41860}"
EndProject
Global
	GlobalSection(SolutionConfigurationPlatforms) = preSolution
		Debug|Any CPU = Debug|Any CPU
		Mock|Any CPU = Mock|Any CPU
		Release|Any CPU = Release|Any CPU
	EndGlobalSection
	GlobalSection(ProjectConfigurationPlatforms) = postSolution
		{31363F2D-3992-40D7-BDD1-D20845C41860}.Debug|Any CPU.ActiveCfg = Debug|Any CPU
		{31363F2D-3992-40D7-BDD1-D20845C41860}.Debug|Any CPU.Build.0 = Debug|Any CPU
		{31363F2D-3992-40D7-BDD1-D20845C41860}.Mock|Any CPU.ActiveCfg = Release|Any CPU
		{31363F2D-3992-40D7-BDD1-D20845C41860}.Mock|Any CPU.Build.0 = Release|Any CPU
		{31363F2D-3992-40D7-BDD1-D20845C41860}.Release|Any CPU.ActiveCfg = Release|Any CPU
		{31363F2D-3992-40D7-BDD1-D20845C41860}.Release|Any CPU.Build.0 = Release|Any CPU
	EndGlobalSection
	GlobalSection(SolutionProperties) = preSolution
		HideSolutionNode = FALSE
	EndGlobalSection
	GlobalSection(ExtensibilityGlobals) = postSolution
		SolutionGuid = {9C0DFD4B-11CD-42B3-99E5-469D556C824E}
	EndGlobalSection
EndGlobal
